// !$*UTF8*$!
{
	archiveVersion = 1;
	classes = {
	};
	objectVersion = 46;
	objects = {

/* Begin PBXBuildFile section */
		0515701E1AFAC9100081E880 /* main.cpp in Sources */ = {isa = PBXBuildFile; fileRef = 0515701D1AFAC9100081E880 /* main.cpp */; };
		051570361AFB221A0081E880 /* polygons.cpp in Sources */ = {isa = PBXBuildFile; fileRef = 051570351AFB221A0081E880 /* polygons.cpp */; };
/* End PBXBuildFile section */

/* Begin PBXCopyFilesBuildPhase section */
		051570181AFAC9100081E880 /* CopyFiles */ = {
			isa = PBXCopyFilesBuildPhase;
			buildActionMask = 2147483647;
			dstPath = /usr/share/man/man1/;
			dstSubfolderSpec = 0;
			files = (
			);
			runOnlyForDeploymentPostprocessing = 1;
		};
/* End PBXCopyFilesBuildPhase section */

/* Begin PBXFileReference section */
		0515701A1AFAC9100081E880 /* HW10 */ = {isa = PBXFileReference; explicitFileType = "compiled.mach-o.executable"; includeInIndex = 0; path = HW10; sourceTree = BUILT_PRODUCTS_DIR; };
		0515701D1AFAC9100081E880 /* main.cpp */ = {isa = PBXFileReference; lastKnownFileType = sourcecode.cpp.cpp; path = main.cpp; sourceTree = "<group>"; };
		051570241AFAC94C0081E880 /* utilities.h */ = {isa = PBXFileReference; fileEncoding = 4; lastKnownFileType = sourcecode.c.h; path = utilities.h; sourceTree = "<group>"; };
		051570251AFAE37A0081E880 /* polygons.h */ = {isa = PBXFileReference; fileEncoding = 4; lastKnownFileType = sourcecode.c.h; path = polygons.h; sourceTree = "<group>"; };
		051570341AFAFCF80081E880 /* useful.h */ = {isa = PBXFileReference; fileEncoding = 4; lastKnownFileType = sourcecode.c.h; path = useful.h; sourceTree = "<group>"; };
		051570351AFB221A0081E880 /* polygons.cpp */ = {isa = PBXFileReference; fileEncoding = 4; lastKnownFileType = sourcecode.cpp.cpp; path = polygons.cpp; sourceTree = "<group>"; };
/* End PBXFileReference section */

/* Begin PBXFrameworksBuildPhase section */
		051570171AFAC9100081E880 /* Frameworks */ = {
			isa = PBXFrameworksBuildPhase;
			buildActionMask = 2147483647;
			files = (
			);
			runOnlyForDeploymentPostprocessing = 0;
		};
/* End PBXFrameworksBuildPhase section */

/* Begin PBXGroup section */
		051570111AFAC9100081E880 = {
			isa = PBXGroup;
			children = (
				0515701C1AFAC9100081E880 /* HW10 */,
				0515701B1AFAC9100081E880 /* Products */,
			);
			sourceTree = "<group>";
		};
		0515701B1AFAC9100081E880 /* Products */ = {
			isa = PBXGroup;
			children = (
				0515701A1AFAC9100081E880 /* HW10 */,
			);
			name = Products;
			sourceTree = "<group>";
		};
		0515701C1AFAC9100081E880 /* HW10 */ = {
			isa = PBXGroup;
			children = (
				0515701D1AFAC9100081E880 /* main.cpp */,
				051570241AFAC94C0081E880 /* utilities.h */,
				051570251AFAE37A0081E880 /* polygons.h */,
				051570351AFB221A0081E880 /* polygons.cpp */,
				051570341AFAFCF80081E880 /* useful.h */,
			);
			path = HW10;
			sourceTree = "<group>";
		};
/* End PBXGroup section */

/* Begin PBXNativeTarget section */
		051570191AFAC9100081E880 /* HW10 */ = {
			isa = PBXNativeTarget;
			buildConfigurationList = 051570211AFAC9100081E880 /* Build configuration list for PBXNativeTarget "HW10" */;
			buildPhases = (
				051570161AFAC9100081E880 /* Sources */,
				051570171AFAC9100081E880 /* Frameworks */,
				051570181AFAC9100081E880 /* CopyFiles */,
			);
			buildRules = (
			);
			dependencies = (
			);
			name = HW10;
			productName = HW10;
			productReference = 0515701A1AFAC9100081E880 /* HW10 */;
			productType = "com.apple.product-type.tool";
		};
/* End PBXNativeTarget section */

/* Begin PBXProject section */
		051570121AFAC9100081E880 /* Project object */ = {
			isa = PBXProject;
			attributes = {
				LastUpgradeCheck = 0610;
				ORGANIZATIONNAME = "陈昊";
				TargetAttributes = {
					051570191AFAC9100081E880 = {
						CreatedOnToolsVersion = 6.1.1;
					};
				};
			};
			buildConfigurationList = 051570151AFAC9100081E880 /* Build configuration list for PBXProject "HW10" */;
			compatibilityVersion = "Xcode 3.2";
			developmentRegion = English;
			hasScannedForEncodings = 0;
			knownRegions = (
				en,
			);
			mainGroup = 051570111AFAC9100081E880;
			productRefGroup = 0515701B1AFAC9100081E880 /* Products */;
			projectDirPath = "";
			projectRoot = "";
			targets = (
				051570191AFAC9100081E880 /* HW10 */,
			);
		};
/* End PBXProject section */

/* Begin PBXSourcesBuildPhase section */
		051570161AFAC9100081E880 /* Sources */ = {
			isa = PBXSourcesBuildPhase;
			buildActionMask = 2147483647;
			files = (
				051570361AFB221A0081E880 /* polygons.cpp in Sources */,
				0515701E1AFAC9100081E880 /* main.cpp in Sources */,
			);
			runOnlyForDeploymentPostprocessing = 0;
		};
/* End PBXSourcesBuildPhase section */

/* Begin XCBuildConfiguration section */
		0515701F1AFAC9100081E880 /* Debug */ = {
			isa = XCBuildConfiguration;
			buildSettings = {
				ALWAYS_SEARCH_USER_PATHS = NO;
				CLANG_CXX_LANGUAGE_STANDARD = "gnu++0x";
				CLANG_CXX_LIBRARY = "libc++";
				CLANG_ENABLE_MODULES = YES;
				CLANG_ENABLE_OBJC_ARC = YES;
				CLANG_WARN_BOOL_CONVERSION = YES;
				CLANG_WARN_CONSTANT_CONVERSION = YES;
				CLANG_WARN_DIRECT_OBJC_ISA_USAGE = YES_ERROR;
				CLANG_WARN_EMPTY_BODY = YES;
				CLANG_WARN_ENUM_CONVERSION = YES;
				CLANG_WARN_INT_CONVERSION = YES;
				CLANG_WARN_OBJC_ROOT_CLASS = YES_ERROR;
				CLANG_WARN_UNREACHABLE_CODE = YES;
				CLANG_WARN__DUPLICATE_METHOD_MATCH = YES;
				COPY_PHASE_STRIP = NO;
				ENABLE_STRICT_OBJC_MSGSEND = YES;
				GCC_C_LANGUAGE_STANDARD = gnu99;
				GCC_DYNAMIC_NO_PIC = NO;
				GCC_OPTIMIZATION_LEVEL = 0;
				GCC_PREPROCESSOR_DEFINITIONS = (
					"DEBUG=1",
					"$(inherited)",
				);
				GCC_SYMBOLS_PRIVATE_EXTERN = NO;
				GCC_WARN_64_TO_32_BIT_CONVERSION = YES;
				GCC_WARN_ABOUT_RETURN_TYPE = YES_ERROR;
				GCC_WARN_UNDECLARED_SELECTOR = YES;
				GCC_WARN_UNINITIALIZED_AUTOS = YES_AGGRESSIVE;
				GCC_WARN_UNUSED_FUNCTION = YES;
				GCC_WARN_UNUSED_VARIABLE = YES;
				MACOSX_DEPLOYMENT_TARGET = 10.9;
				MTL_ENABLE_DEBUG_INFO = YES;
				ONLY_ACTIVE_ARCH = YES;
				SDKROOT = macosx;
			};
			name = Debug;
		};
		051570201AFAC9100081E880 /* Release */ = {
			isa = XCBuildConfiguration;
			buildSettings = {
				ALWAYS_SEARCH_USER_PATHS = NO;
				CLANG_CXX_LANGUAGE_STANDARD = "gnu++0x";
				CLANG_CXX_LIBRARY = "libc++";
				CLANG_ENABLE_MODULES = YES;
				CLANG_ENABLE_OBJC_ARC = YES;
				CLANG_WARN_BOOL_CONVERSION = YES;
				CLANG_WARN_CONSTANT_CONVERSION = YES;
				CLANG_WARN_DIRECT_OBJC_ISA_USAGE = YES_ERROR;
				CLANG_WARN_EMPTY_BODY = YES;
				CLANG_WARN_ENUM_CONVERSION = YES;
				CLANG_WARN_INT_CONVERSION = YES;
				CLANG_WARN_OBJC_ROOT_CLASS = YES_ERROR;
				CLANG_WARN_UNREACHABLE_CODE = YES;
				CLANG_WARN__DUPLICATE_METHOD_MATCH = YES;
				COPY_PHASE_STRIP = YES;
				DEBUG_INFORMATION_FORMAT = "dwarf-with-dsym";
				ENABLE_NS_ASSERTIONS = NO;
				ENABLE_STRICT_OBJC_MSGSEND = YES;
				GCC_C_LANGUAGE_STANDARD = gnu99;
				GCC_WARN_64_TO_32_BIT_CONVERSION = YES;
				GCC_WARN_ABOUT_RETURN_TYPE = YES_ERROR;
				GCC_WARN_UNDECLARED_SELECTOR = YES;
				GCC_WARN_UNINITIALIZED_AUTOS = YES_AGGRESSIVE;
				GCC_WARN_UNUSED_FUNCTION = YES;
				GCC_WARN_UNUSED_VARIABLE = YES;
				MACOSX_DEPLOYMENT_TARGET = 10.9;
				MTL_ENABLE_DEBUG_INFO = NO;
				SDKROOT = macosx;
			};
			name = Release;
		};
		051570221AFAC9100081E880 /* Debug */ = {
			isa = XCBuildConfiguration;
			buildSettings = {
				PRODUCT_NAME = "$(TARGET_NAME)";
			};
			name = Debug;
		};
		051570231AFAC9100081E880 /* Release */ = {
			isa = XCBuildConfiguration;
			buildSettings = {
				PRODUCT_NAME = "$(TARGET_NAME)";
			};
			name = Release;
		};
/* End XCBuildConfiguration section */

/* Begin XCConfigurationList section */
		051570151AFAC9100081E880 /* Build configuration list for PBXProject "HW10" */ = {
			isa = XCConfigurationList;
			buildConfigurations = (
				0515701F1AFAC9100081E880 /* Debug */,
				051570201AFAC9100081E880 /* Release */,
			);
			defaultConfigurationIsVisible = 0;
			defaultConfigurationName = Release;
		};
		051570211AFAC9100081E880 /* Build configuration list for PBXNativeTarget "HW10" */ = {
			isa = XCConfigurationList;
			buildConfigurations = (
				051570221AFAC9100081E880 /* Debug */,
				051570231AFAC9100081E880 /* Release */,
			);
			defaultConfigurationIsVisible = 0;
			defaultConfigurationName = Release;
		};
/* End XCConfigurationList section */
	};
	rootObject = 051570121AFAC9100081E880 /* Project object */;
}
