// !$*UTF8*$!
{
	archiveVersion = 1;
	classes = {
	};
	objectVersion = 46;
	objects = {

/* Begin PBXBuildFile section */
		05CA7EB21AAA4D2200F4A89C /* traincar.cpp in Sources */ = {isa = PBXBuildFile; fileRef = 05CA7EB01AAA4D2200F4A89C /* traincar.cpp */; };
		05CA7EB61AAA4D2C00F4A89C /* main.cpp in Sources */ = {isa = PBXBuildFile; fileRef = 05CA7EB31AAA4D2C00F4A89C /* main.cpp */; };
		05CA7EB71AAA4D2C00F4A89C /* mtrand.cpp in Sources */ = {isa = PBXBuildFile; fileRef = 05CA7EB41AAA4D2C00F4A89C /* mtrand.cpp */; };
/* End PBXBuildFile section */

/* Begin PBXCopyFilesBuildPhase section */
		05CA7EA31AAA4CFC00F4A89C /* CopyFiles */ = {
			isa = PBXCopyFilesBuildPhase;
			buildActionMask = 2147483647;
			dstPath = /usr/share/man/man1/;
			dstSubfolderSpec = 0;
			files = (
			);
			runOnlyForDeploymentPostprocessing = 1;
		};
/* End PBXCopyFilesBuildPhase section */

/* Begin PBXFileReference section */
		05CA7EA51AAA4CFC00F4A89C /* HW05 */ = {isa = PBXFileReference; explicitFileType = "compiled.mach-o.executable"; includeInIndex = 0; path = HW05; sourceTree = BUILT_PRODUCTS_DIR; };
		05CA7EAF1AAA4D2200F4A89C /* traincar_prototypes.h */ = {isa = PBXFileReference; fileEncoding = 4; lastKnownFileType = sourcecode.c.h; name = traincar_prototypes.h; path = ../../provided_files/traincar_prototypes.h; sourceTree = "<group>"; };
		05CA7EB01AAA4D2200F4A89C /* traincar.cpp */ = {isa = PBXFileReference; fileEncoding = 4; lastKnownFileType = sourcecode.cpp.cpp; name = traincar.cpp; path = ../../provided_files/traincar.cpp; sourceTree = "<group>"; };
		05CA7EB11AAA4D2200F4A89C /* traincar.h */ = {isa = PBXFileReference; fileEncoding = 4; lastKnownFileType = sourcecode.c.h; name = traincar.h; path = ../../provided_files/traincar.h; sourceTree = "<group>"; };
		05CA7EB31AAA4D2C00F4A89C /* main.cpp */ = {isa = PBXFileReference; fileEncoding = 4; lastKnownFileType = sourcecode.cpp.cpp; name = main.cpp; path = ../../provided_files/main.cpp; sourceTree = "<group>"; };
		05CA7EB41AAA4D2C00F4A89C /* mtrand.cpp */ = {isa = PBXFileReference; fileEncoding = 4; lastKnownFileType = sourcecode.cpp.cpp; name = mtrand.cpp; path = ../../provided_files/mtrand.cpp; sourceTree = "<group>"; };
		05CA7EB51AAA4D2C00F4A89C /* mtrand.h */ = {isa = PBXFileReference; fileEncoding = 4; lastKnownFileType = sourcecode.c.h; name = mtrand.h; path = ../../provided_files/mtrand.h; sourceTree = "<group>"; };
/* End PBXFileReference section */

/* Begin PBXFrameworksBuildPhase section */
		05CA7EA21AAA4CFC00F4A89C /* Frameworks */ = {
			isa = PBXFrameworksBuildPhase;
			buildActionMask = 2147483647;
			files = (
			);
			runOnlyForDeploymentPostprocessing = 0;
		};
/* End PBXFrameworksBuildPhase section */

/* Begin PBXGroup section */
		05CA7E9C1AAA4CFC00F4A89C = {
			isa = PBXGroup;
			children = (
				05CA7EA71AAA4CFC00F4A89C /* HW05 */,
				05CA7EA61AAA4CFC00F4A89C /* Products */,
			);
			sourceTree = "<group>";
		};
		05CA7EA61AAA4CFC00F4A89C /* Products */ = {
			isa = PBXGroup;
			children = (
				05CA7EA51AAA4CFC00F4A89C /* HW05 */,
			);
			name = Products;
			sourceTree = "<group>";
		};
		05CA7EA71AAA4CFC00F4A89C /* HW05 */ = {
			isa = PBXGroup;
			children = (
				05CA7EB31AAA4D2C00F4A89C /* main.cpp */,
				05CA7EB41AAA4D2C00F4A89C /* mtrand.cpp */,
				05CA7EB51AAA4D2C00F4A89C /* mtrand.h */,
				05CA7EAF1AAA4D2200F4A89C /* traincar_prototypes.h */,
				05CA7EB01AAA4D2200F4A89C /* traincar.cpp */,
				05CA7EB11AAA4D2200F4A89C /* traincar.h */,
			);
			path = HW05;
			sourceTree = "<group>";
		};
/* End PBXGroup section */

/* Begin PBXNativeTarget section */
		05CA7EA41AAA4CFC00F4A89C /* HW05 */ = {
			isa = PBXNativeTarget;
			buildConfigurationList = 05CA7EAC1AAA4CFC00F4A89C /* Build configuration list for PBXNativeTarget "HW05" */;
			buildPhases = (
				05CA7EA11AAA4CFC00F4A89C /* Sources */,
				05CA7EA21AAA4CFC00F4A89C /* Frameworks */,
				05CA7EA31AAA4CFC00F4A89C /* CopyFiles */,
			);
			buildRules = (
			);
			dependencies = (
			);
			name = HW05;
			productName = HW05;
			productReference = 05CA7EA51AAA4CFC00F4A89C /* HW05 */;
			productType = "com.apple.product-type.tool";
		};
/* End PBXNativeTarget section */

/* Begin PBXProject section */
		05CA7E9D1AAA4CFC00F4A89C /* Project object */ = {
			isa = PBXProject;
			attributes = {
				LastUpgradeCheck = 0610;
				ORGANIZATIONNAME = "陈昊";
				TargetAttributes = {
					05CA7EA41AAA4CFC00F4A89C = {
						CreatedOnToolsVersion = 6.1.1;
					};
				};
			};
			buildConfigurationList = 05CA7EA01AAA4CFC00F4A89C /* Build configuration list for PBXProject "HW05" */;
			compatibilityVersion = "Xcode 3.2";
			developmentRegion = English;
			hasScannedForEncodings = 0;
			knownRegions = (
				en,
			);
			mainGroup = 05CA7E9C1AAA4CFC00F4A89C;
			productRefGroup = 05CA7EA61AAA4CFC00F4A89C /* Products */;
			projectDirPath = "";
			projectRoot = "";
			targets = (
				05CA7EA41AAA4CFC00F4A89C /* HW05 */,
			);
		};
/* End PBXProject section */

/* Begin PBXSourcesBuildPhase section */
		05CA7EA11AAA4CFC00F4A89C /* Sources */ = {
			isa = PBXSourcesBuildPhase;
			buildActionMask = 2147483647;
			files = (
				05CA7EB71AAA4D2C00F4A89C /* mtrand.cpp in Sources */,
				05CA7EB21AAA4D2200F4A89C /* traincar.cpp in Sources */,
				05CA7EB61AAA4D2C00F4A89C /* main.cpp in Sources */,
			);
			runOnlyForDeploymentPostprocessing = 0;
		};
/* End PBXSourcesBuildPhase section */

/* Begin XCBuildConfiguration section */
		05CA7EAA1AAA4CFC00F4A89C /* Debug */ = {
			isa = XCBuildConfiguration;
			buildSettings = {
				ALWAYS_SEARCH_USER_PATHS = NO;
				CLANG_CXX_LANGUAGE_STANDARD = "gnu++0x";
				CLANG_CXX_LIBRARY = "libc++";
				CLANG_ENABLE_MODULES = YES;
				CLANG_ENABLE_OBJC_ARC = YES;
				CLANG_WARN_BOOL_CONVERSION = YES;
				CLANG_WARN_CONSTANT_CONVERSION = YES;
				CLANG_WARN_DIRECT_OBJC_ISA_USAGE = YES_ERROR;
				CLANG_WARN_EMPTY_BODY = YES;
				CLANG_WARN_ENUM_CONVERSION = YES;
				CLANG_WARN_INT_CONVERSION = YES;
				CLANG_WARN_OBJC_ROOT_CLASS = YES_ERROR;
				CLANG_WARN_UNREACHABLE_CODE = YES;
				CLANG_WARN__DUPLICATE_METHOD_MATCH = YES;
				COPY_PHASE_STRIP = NO;
				ENABLE_STRICT_OBJC_MSGSEND = YES;
				GCC_C_LANGUAGE_STANDARD = gnu99;
				GCC_DYNAMIC_NO_PIC = NO;
				GCC_OPTIMIZATION_LEVEL = 0;
				GCC_PREPROCESSOR_DEFINITIONS = (
					"DEBUG=1",
					"$(inherited)",
				);
				GCC_SYMBOLS_PRIVATE_EXTERN = NO;
				GCC_WARN_64_TO_32_BIT_CONVERSION = YES;
				GCC_WARN_ABOUT_RETURN_TYPE = YES_ERROR;
				GCC_WARN_UNDECLARED_SELECTOR = YES;
				GCC_WARN_UNINITIALIZED_AUTOS = YES_AGGRESSIVE;
				GCC_WARN_UNUSED_FUNCTION = YES;
				GCC_WARN_UNUSED_VARIABLE = YES;
				MACOSX_DEPLOYMENT_TARGET = 10.9;
				MTL_ENABLE_DEBUG_INFO = YES;
				ONLY_ACTIVE_ARCH = YES;
				SDKROOT = macosx;
			};
			name = Debug;
		};
		05CA7EAB1AAA4CFC00F4A89C /* Release */ = {
			isa = XCBuildConfiguration;
			buildSettings = {
				ALWAYS_SEARCH_USER_PATHS = NO;
				CLANG_CXX_LANGUAGE_STANDARD = "gnu++0x";
				CLANG_CXX_LIBRARY = "libc++";
				CLANG_ENABLE_MODULES = YES;
				CLANG_ENABLE_OBJC_ARC = YES;
				CLANG_WARN_BOOL_CONVERSION = YES;
				CLANG_WARN_CONSTANT_CONVERSION = YES;
				CLANG_WARN_DIRECT_OBJC_ISA_USAGE = YES_ERROR;
				CLANG_WARN_EMPTY_BODY = YES;
				CLANG_WARN_ENUM_CONVERSION = YES;
				CLANG_WARN_INT_CONVERSION = YES;
				CLANG_WARN_OBJC_ROOT_CLASS = YES_ERROR;
				CLANG_WARN_UNREACHABLE_CODE = YES;
				CLANG_WARN__DUPLICATE_METHOD_MATCH = YES;
				COPY_PHASE_STRIP = YES;
				DEBUG_INFORMATION_FORMAT = "dwarf-with-dsym";
				ENABLE_NS_ASSERTIONS = NO;
				ENABLE_STRICT_OBJC_MSGSEND = YES;
				GCC_C_LANGUAGE_STANDARD = gnu99;
				GCC_WARN_64_TO_32_BIT_CONVERSION = YES;
				GCC_WARN_ABOUT_RETURN_TYPE = YES_ERROR;
				GCC_WARN_UNDECLARED_SELECTOR = YES;
				GCC_WARN_UNINITIALIZED_AUTOS = YES_AGGRESSIVE;
				GCC_WARN_UNUSED_FUNCTION = YES;
				GCC_WARN_UNUSED_VARIABLE = YES;
				MACOSX_DEPLOYMENT_TARGET = 10.9;
				MTL_ENABLE_DEBUG_INFO = NO;
				SDKROOT = macosx;
			};
			name = Release;
		};
		05CA7EAD1AAA4CFC00F4A89C /* Debug */ = {
			isa = XCBuildConfiguration;
			buildSettings = {
				PRODUCT_NAME = "$(TARGET_NAME)";
			};
			name = Debug;
		};
		05CA7EAE1AAA4CFC00F4A89C /* Release */ = {
			isa = XCBuildConfiguration;
			buildSettings = {
				PRODUCT_NAME = "$(TARGET_NAME)";
			};
			name = Release;
		};
/* End XCBuildConfiguration section */

/* Begin XCConfigurationList section */
		05CA7EA01AAA4CFC00F4A89C /* Build configuration list for PBXProject "HW05" */ = {
			isa = XCConfigurationList;
			buildConfigurations = (
				05CA7EAA1AAA4CFC00F4A89C /* Debug */,
				05CA7EAB1AAA4CFC00F4A89C /* Release */,
			);
			defaultConfigurationIsVisible = 0;
			defaultConfigurationName = Release;
		};
		05CA7EAC1AAA4CFC00F4A89C /* Build configuration list for PBXNativeTarget "HW05" */ = {
			isa = XCConfigurationList;
			buildConfigurations = (
				05CA7EAD1AAA4CFC00F4A89C /* Debug */,
				05CA7EAE1AAA4CFC00F4A89C /* Release */,
			);
			defaultConfigurationIsVisible = 0;
			defaultConfigurationName = Release;
		};
/* End XCConfigurationList section */
	};
	rootObject = 05CA7E9D1AAA4CFC00F4A89C /* Project object */;
}
