// !$*UTF8*$!
{
	archiveVersion = 1;
	classes = {
	};
	objectVersion = 46;
	objects = {

/* Begin PBXBuildFile section */
		05156FD31AEDC3770081E880 /* image.cpp in Sources */ = {isa = PBXBuildFile; fileRef = 05156FD11AEDC3770081E880 /* image.cpp */; };
		05156FD61AEDC3A30081E880 /* main.cpp in Sources */ = {isa = PBXBuildFile; fileRef = 05156FD41AEDC3A30081E880 /* main.cpp */; };
/* End PBXBuildFile section */

/* Begin PBXCopyFilesBuildPhase section */
		05156FC51AEDC3340081E880 /* CopyFiles */ = {
			isa = PBXCopyFilesBuildPhase;
			buildActionMask = 2147483647;
			dstPath = /usr/share/man/man1/;
			dstSubfolderSpec = 0;
			files = (
			);
			runOnlyForDeploymentPostprocessing = 1;
		};
/* End PBXCopyFilesBuildPhase section */

/* Begin PBXFileReference section */
		05156FC71AEDC3340081E880 /* HW09 */ = {isa = PBXFileReference; explicitFileType = "compiled.mach-o.executable"; includeInIndex = 0; path = HW09; sourceTree = BUILT_PRODUCTS_DIR; };
		05156FD11AEDC3770081E880 /* image.cpp */ = {isa = PBXFileReference; fileEncoding = 4; lastKnownFileType = sourcecode.cpp.cpp; path = image.cpp; sourceTree = "<group>"; };
		05156FD21AEDC3770081E880 /* image.h */ = {isa = PBXFileReference; fileEncoding = 4; lastKnownFileType = sourcecode.c.h; path = image.h; sourceTree = "<group>"; };
		05156FD41AEDC3A30081E880 /* main.cpp */ = {isa = PBXFileReference; fileEncoding = 4; lastKnownFileType = sourcecode.cpp.cpp; path = main.cpp; sourceTree = "<group>"; };
		05156FD51AEDC3A30081E880 /* priority_queue.h */ = {isa = PBXFileReference; fileEncoding = 4; lastKnownFileType = sourcecode.c.h; path = priority_queue.h; sourceTree = "<group>"; };
/* End PBXFileReference section */

/* Begin PBXFrameworksBuildPhase section */
		05156FC41AEDC3340081E880 /* Frameworks */ = {
			isa = PBXFrameworksBuildPhase;
			buildActionMask = 2147483647;
			files = (
			);
			runOnlyForDeploymentPostprocessing = 0;
		};
/* End PBXFrameworksBuildPhase section */

/* Begin PBXGroup section */
		05156FBE1AEDC3340081E880 = {
			isa = PBXGroup;
			children = (
				05156FC91AEDC3340081E880 /* HW09 */,
				05156FC81AEDC3340081E880 /* Products */,
			);
			sourceTree = "<group>";
		};
		05156FC81AEDC3340081E880 /* Products */ = {
			isa = PBXGroup;
			children = (
				05156FC71AEDC3340081E880 /* HW09 */,
			);
			name = Products;
			sourceTree = "<group>";
		};
		05156FC91AEDC3340081E880 /* HW09 */ = {
			isa = PBXGroup;
			children = (
				05156FD11AEDC3770081E880 /* image.cpp */,
				05156FD41AEDC3A30081E880 /* main.cpp */,
				05156FD51AEDC3A30081E880 /* priority_queue.h */,
				05156FD21AEDC3770081E880 /* image.h */,
			);
			path = HW09;
			sourceTree = "<group>";
		};
/* End PBXGroup section */

/* Begin PBXNativeTarget section */
		05156FC61AEDC3340081E880 /* HW09 */ = {
			isa = PBXNativeTarget;
			buildConfigurationList = 05156FCE1AEDC3340081E880 /* Build configuration list for PBXNativeTarget "HW09" */;
			buildPhases = (
				05156FC31AEDC3340081E880 /* Sources */,
				05156FC41AEDC3340081E880 /* Frameworks */,
				05156FC51AEDC3340081E880 /* CopyFiles */,
			);
			buildRules = (
			);
			dependencies = (
			);
			name = HW09;
			productName = HW09;
			productReference = 05156FC71AEDC3340081E880 /* HW09 */;
			productType = "com.apple.product-type.tool";
		};
/* End PBXNativeTarget section */

/* Begin PBXProject section */
		05156FBF1AEDC3340081E880 /* Project object */ = {
			isa = PBXProject;
			attributes = {
				LastUpgradeCheck = 0610;
				ORGANIZATIONNAME = "陈昊";
				TargetAttributes = {
					05156FC61AEDC3340081E880 = {
						CreatedOnToolsVersion = 6.1.1;
					};
				};
			};
			buildConfigurationList = 05156FC21AEDC3340081E880 /* Build configuration list for PBXProject "HW09" */;
			compatibilityVersion = "Xcode 3.2";
			developmentRegion = English;
			hasScannedForEncodings = 0;
			knownRegions = (
				en,
			);
			mainGroup = 05156FBE1AEDC3340081E880;
			productRefGroup = 05156FC81AEDC3340081E880 /* Products */;
			projectDirPath = "";
			projectRoot = "";
			targets = (
				05156FC61AEDC3340081E880 /* HW09 */,
			);
		};
/* End PBXProject section */

/* Begin PBXSourcesBuildPhase section */
		05156FC31AEDC3340081E880 /* Sources */ = {
			isa = PBXSourcesBuildPhase;
			buildActionMask = 2147483647;
			files = (
				05156FD61AEDC3A30081E880 /* main.cpp in Sources */,
				05156FD31AEDC3770081E880 /* image.cpp in Sources */,
			);
			runOnlyForDeploymentPostprocessing = 0;
		};
/* End PBXSourcesBuildPhase section */

/* Begin XCBuildConfiguration section */
		05156FCC1AEDC3340081E880 /* Debug */ = {
			isa = XCBuildConfiguration;
			buildSettings = {
				ALWAYS_SEARCH_USER_PATHS = NO;
				CLANG_CXX_LANGUAGE_STANDARD = "gnu++0x";
				CLANG_CXX_LIBRARY = "libc++";
				CLANG_ENABLE_MODULES = YES;
				CLANG_ENABLE_OBJC_ARC = YES;
				CLANG_WARN_BOOL_CONVERSION = YES;
				CLANG_WARN_CONSTANT_CONVERSION = YES;
				CLANG_WARN_DIRECT_OBJC_ISA_USAGE = YES_ERROR;
				CLANG_WARN_EMPTY_BODY = YES;
				CLANG_WARN_ENUM_CONVERSION = YES;
				CLANG_WARN_INT_CONVERSION = YES;
				CLANG_WARN_OBJC_ROOT_CLASS = YES_ERROR;
				CLANG_WARN_UNREACHABLE_CODE = YES;
				CLANG_WARN__DUPLICATE_METHOD_MATCH = YES;
				COPY_PHASE_STRIP = NO;
				ENABLE_STRICT_OBJC_MSGSEND = YES;
				GCC_C_LANGUAGE_STANDARD = gnu99;
				GCC_DYNAMIC_NO_PIC = NO;
				GCC_OPTIMIZATION_LEVEL = 0;
				GCC_PREPROCESSOR_DEFINITIONS = (
					"DEBUG=1",
					"$(inherited)",
				);
				GCC_SYMBOLS_PRIVATE_EXTERN = NO;
				GCC_WARN_64_TO_32_BIT_CONVERSION = YES;
				GCC_WARN_ABOUT_RETURN_TYPE = YES_ERROR;
				GCC_WARN_UNDECLARED_SELECTOR = YES;
				GCC_WARN_UNINITIALIZED_AUTOS = YES_AGGRESSIVE;
				GCC_WARN_UNUSED_FUNCTION = YES;
				GCC_WARN_UNUSED_VARIABLE = YES;
				MACOSX_DEPLOYMENT_TARGET = 10.9;
				MTL_ENABLE_DEBUG_INFO = YES;
				ONLY_ACTIVE_ARCH = YES;
				SDKROOT = macosx;
			};
			name = Debug;
		};
		05156FCD1AEDC3340081E880 /* Release */ = {
			isa = XCBuildConfiguration;
			buildSettings = {
				ALWAYS_SEARCH_USER_PATHS = NO;
				CLANG_CXX_LANGUAGE_STANDARD = "gnu++0x";
				CLANG_CXX_LIBRARY = "libc++";
				CLANG_ENABLE_MODULES = YES;
				CLANG_ENABLE_OBJC_ARC = YES;
				CLANG_WARN_BOOL_CONVERSION = YES;
				CLANG_WARN_CONSTANT_CONVERSION = YES;
				CLANG_WARN_DIRECT_OBJC_ISA_USAGE = YES_ERROR;
				CLANG_WARN_EMPTY_BODY = YES;
				CLANG_WARN_ENUM_CONVERSION = YES;
				CLANG_WARN_INT_CONVERSION = YES;
				CLANG_WARN_OBJC_ROOT_CLASS = YES_ERROR;
				CLANG_WARN_UNREACHABLE_CODE = YES;
				CLANG_WARN__DUPLICATE_METHOD_MATCH = YES;
				COPY_PHASE_STRIP = YES;
				DEBUG_INFORMATION_FORMAT = "dwarf-with-dsym";
				ENABLE_NS_ASSERTIONS = NO;
				ENABLE_STRICT_OBJC_MSGSEND = YES;
				GCC_C_LANGUAGE_STANDARD = gnu99;
				GCC_WARN_64_TO_32_BIT_CONVERSION = YES;
				GCC_WARN_ABOUT_RETURN_TYPE = YES_ERROR;
				GCC_WARN_UNDECLARED_SELECTOR = YES;
				GCC_WARN_UNINITIALIZED_AUTOS = YES_AGGRESSIVE;
				GCC_WARN_UNUSED_FUNCTION = YES;
				GCC_WARN_UNUSED_VARIABLE = YES;
				MACOSX_DEPLOYMENT_TARGET = 10.9;
				MTL_ENABLE_DEBUG_INFO = NO;
				SDKROOT = macosx;
			};
			name = Release;
		};
		05156FCF1AEDC3340081E880 /* Debug */ = {
			isa = XCBuildConfiguration;
			buildSettings = {
				PRODUCT_NAME = "$(TARGET_NAME)";
			};
			name = Debug;
		};
		05156FD01AEDC3340081E880 /* Release */ = {
			isa = XCBuildConfiguration;
			buildSettings = {
				PRODUCT_NAME = "$(TARGET_NAME)";
			};
			name = Release;
		};
/* End XCBuildConfiguration section */

/* Begin XCConfigurationList section */
		05156FC21AEDC3340081E880 /* Build configuration list for PBXProject "HW09" */ = {
			isa = XCConfigurationList;
			buildConfigurations = (
				05156FCC1AEDC3340081E880 /* Debug */,
				05156FCD1AEDC3340081E880 /* Release */,
			);
			defaultConfigurationIsVisible = 0;
			defaultConfigurationName = Release;
		};
		05156FCE1AEDC3340081E880 /* Build configuration list for PBXNativeTarget "HW09" */ = {
			isa = XCConfigurationList;
			buildConfigurations = (
				05156FCF1AEDC3340081E880 /* Debug */,
				05156FD01AEDC3340081E880 /* Release */,
			);
			defaultConfigurationIsVisible = 0;
		};
/* End XCConfigurationList section */
	};
	rootObject = 05156FBF1AEDC3340081E880 /* Project object */;
}
